
Microsoft Visual Studio Solution File, Format Version 12.00
# Visual Studio Version 16
VisualStudioVersion = 16.0.31729.503
MinimumVisualStudioVersion = 10.0.40219.1
Project("{FAE04EC0-301F-11D3-BF4B-00C04F79EFBC}") = "WindowsFormsApp1", "WindowsFormsApp1\WindowsFormsApp1.csproj", "{8644FE94-B37A-4BAB-B88A-FBF1F0B0BD2E}"
EndProject
Global
	GlobalSection(SolutionConfigurationPlatforms) = preSolution
		Debug|Any CPU = Debug|Any CPU
		Release|Any CPU = Release|Any CPU
	EndGlobalSection
	GlobalSection(ProjectConfigurationPlatforms) = postSolution
		{8644FE94-B37A-4BAB-B88A-FBF1F0B0BD2E}.Debug|Any CPU.ActiveCfg = Debug|Any CPU
		{8644FE94-B37A-4BAB-B88A-FBF1F0B0BD2E}.Debug|Any CPU.Build.0 = Debug|Any CPU
		{8644FE94-B37A-4BAB-B88A-FBF1F0B0BD2E}.Release|Any CPU.ActiveCfg = Release|Any CPU
		{8644FE94-B37A-4BAB-B88A-FBF1F0B0BD2E}.Release|Any CPU.Build.0 = Release|Any CPU
	EndGlobalSection
	GlobalSection(SolutionProperties) = preSolution
		HideSolutionNode = FALSE
	EndGlobalSection
	GlobalSection(ExtensibilityGlobals) = postSolution
		SolutionGuid = {61B22090-5C18-46ED-BA65-4E91E9EF8554}
	EndGlobalSection
EndGlobal
